
Microsoft Visual Studio Solution File, Format Version 12.00
# Visual Studio Version 17
VisualStudioVersion = 17.11.35303.130
MinimumVisualStudioVersion = 10.0.40219.1
Project("{FAE04EC0-301F-11D3-BF4B-00C04F79EFBC}") = "UserApp.Web", "UserApp.Web\UserApp.Web.csproj", "{7FAF0286-2C4B-485F-9200-D2E4FEB1B21A}"
EndProject
Project("{FAE04EC0-301F-11D3-BF4B-00C04F79EFBC}") = "UserApp.Core", "UserApp.Core\UserApp.Core.csproj", "{5F7D90BE-5D81-4B4D-8F47-ACE757523973}"
EndProject
Project("{FAE04EC0-301F-11D3-BF4B-00C04F79EFBC}") = "UserApp.Data", "UserApp.Data\UserApp.Data.csproj", "{C3205318-FFD5-4590-8E76-382433D40C13}"
EndProject
Global
	GlobalSection(SolutionConfigurationPlatforms) = preSolution
		Debug|Any CPU = Debug|Any CPU
		Release|Any CPU = Release|Any CPU
	EndGlobalSection
	GlobalSection(ProjectConfigurationPlatforms) = postSolution
		{7FAF0286-2C4B-485F-9200-D2E4FEB1B21A}.Debug|Any CPU.ActiveCfg = Debug|Any CPU
		{7FAF0286-2C4B-485F-9200-D2E4FEB1B21A}.Debug|Any CPU.Build.0 = Debug|Any CPU
		{7FAF0286-2C4B-485F-9200-D2E4FEB1B21A}.Release|Any CPU.ActiveCfg = Release|Any CPU
		{7FAF0286-2C4B-485F-9200-D2E4FEB1B21A}.Release|Any CPU.Build.0 = Release|Any CPU
		{5F7D90BE-5D81-4B4D-8F47-ACE757523973}.Debug|Any CPU.ActiveCfg = Debug|Any CPU
		{5F7D90BE-5D81-4B4D-8F47-ACE757523973}.Debug|Any CPU.Build.0 = Debug|Any CPU
		{5F7D90BE-5D81-4B4D-8F47-ACE757523973}.Release|Any CPU.ActiveCfg = Release|Any CPU
		{5F7D90BE-5D81-4B4D-8F47-ACE757523973}.Release|Any CPU.Build.0 = Release|Any CPU
		{C3205318-FFD5-4590-8E76-382433D40C13}.Debug|Any CPU.ActiveCfg = Debug|Any CPU
		{C3205318-FFD5-4590-8E76-382433D40C13}.Debug|Any CPU.Build.0 = Debug|Any CPU
		{C3205318-FFD5-4590-8E76-382433D40C13}.Release|Any CPU.ActiveCfg = Release|Any CPU
		{C3205318-FFD5-4590-8E76-382433D40C13}.Release|Any CPU.Build.0 = Release|Any CPU
	EndGlobalSection
	GlobalSection(SolutionProperties) = preSolution
		HideSolutionNode = FALSE
	EndGlobalSection
	GlobalSection(ExtensibilityGlobals) = postSolution
		SolutionGuid = {9A7A3480-D547-4E15-9530-F8A285AD5258}
	EndGlobalSection
EndGlobal
